
Microsoft Visual Studio Solution File, Format Version 12.00
# Visual Studio Version 17
VisualStudioVersion = 17.8.34525.116
MinimumVisualStudioVersion = 10.0.40219.1
Project("{FAE04EC0-301F-11D3-BF4B-00C04F79EFBC}") = "App", "App\App.csproj", "{8D9C0F4A-AFFF-4B17-BB0C-E20D53F3EB76}"
EndProject
Global
	GlobalSection(SolutionConfigurationPlatforms) = preSolution
		Debug|Any CPU = Debug|Any CPU
		Release|Any CPU = Release|Any CPU
	EndGlobalSection
	GlobalSection(ProjectConfigurationPlatforms) = postSolution
		{8D9C0F4A-AFFF-4B17-BB0C-E20D53F3EB76}.Debug|Any CPU.ActiveCfg = Debug|Any CPU
		{8D9C0F4A-AFFF-4B17-BB0C-E20D53F3EB76}.Debug|Any CPU.Build.0 = Debug|Any CPU
		{8D9C0F4A-AFFF-4B17-BB0C-E20D53F3EB76}.Release|Any CPU.ActiveCfg = Release|Any CPU
		{8D9C0F4A-AFFF-4B17-BB0C-E20D53F3EB76}.Release|Any CPU.Build.0 = Release|Any CPU
	EndGlobalSection
	GlobalSection(SolutionProperties) = preSolution
		HideSolutionNode = FALSE
	EndGlobalSection
	GlobalSection(ExtensibilityGlobals) = postSolution
		SolutionGuid = {B765B4ED-4B08-43EA-B453-774FEB619511}
	EndGlobalSection
EndGlobal
